
Microsoft Visual Studio Solution File, Format Version 12.00
# Visual Studio Version 17
VisualStudioVersion = 17.11.35327.3
MinimumVisualStudioVersion = 10.0.40219.1
Project("{9A19103F-16F7-4668-BE54-9A1E7A4F7556}") = "WpfItemsControlSample2", "WpfItemsControlSample2\WpfItemsControlSample2.csproj", "{441D270A-4572-490C-8DC9-2ECC56C57B77}"
EndProject
Project("{9A19103F-16F7-4668-BE54-9A1E7A4F7556}") = "WpfItemsControlSample1", "WpfItemsControlSample1\WpfItemsControlSample1.csproj", "{FC64D1B2-5579-4D42-B711-589EC15218BD}"
EndProject
Project("{2150E333-8FDC-42A3-9474-1A3956D46DE8}") = "Documents", "Documents", "{3E5B0404-0A0D-403F-819C-821AA1958DC2}"
	ProjectSection(SolutionItems) = preProject
		LICENSE.txt = LICENSE.txt
		README.md = README.md
	EndProjectSection
EndProject
Global
	GlobalSection(SolutionConfigurationPlatforms) = preSolution
		Debug|Any CPU = Debug|Any CPU
		Release|Any CPU = Release|Any CPU
	EndGlobalSection
	GlobalSection(ProjectConfigurationPlatforms) = postSolution
		{441D270A-4572-490C-8DC9-2ECC56C57B77}.Debug|Any CPU.ActiveCfg = Debug|Any CPU
		{441D270A-4572-490C-8DC9-2ECC56C57B77}.Debug|Any CPU.Build.0 = Debug|Any CPU
		{441D270A-4572-490C-8DC9-2ECC56C57B77}.Release|Any CPU.ActiveCfg = Release|Any CPU
		{441D270A-4572-490C-8DC9-2ECC56C57B77}.Release|Any CPU.Build.0 = Release|Any CPU
		{FC64D1B2-5579-4D42-B711-589EC15218BD}.Debug|Any CPU.ActiveCfg = Debug|Any CPU
		{FC64D1B2-5579-4D42-B711-589EC15218BD}.Debug|Any CPU.Build.0 = Debug|Any CPU
		{FC64D1B2-5579-4D42-B711-589EC15218BD}.Release|Any CPU.ActiveCfg = Release|Any CPU
		{FC64D1B2-5579-4D42-B711-589EC15218BD}.Release|Any CPU.Build.0 = Release|Any CPU
	EndGlobalSection
	GlobalSection(SolutionProperties) = preSolution
		HideSolutionNode = FALSE
	EndGlobalSection
	GlobalSection(ExtensibilityGlobals) = postSolution
		SolutionGuid = {82DDDD71-80A1-4886-85E3-6DF38860C0B1}
	EndGlobalSection
EndGlobal
